// !$*UTF8*$!
{
	archiveVersion = 1;
	classes = {
	};
	objectVersion = 46;
	objects = {

/* Begin PBXBuildFile section */
		90D086511AB2ED71009CBEC7 /* main.m in Sources */ = {isa = PBXBuildFile; fileRef = 90D086501AB2ED71009CBEC7 /* main.m */; };
		90D086541AB2ED71009CBEC7 /* AppDelegate.m in Sources */ = {isa = PBXBuildFile; fileRef = 90D086531AB2ED71009CBEC7 /* AppDelegate.m */; };
		90D086571AB2ED71009CBEC7 /* ViewController.m in Sources */ = {isa = PBXBuildFile; fileRef = 90D086561AB2ED71009CBEC7 /* ViewController.m */; };
		90D0865A1AB2ED71009CBEC7 /* Main.storyboard in Resources */ = {isa = PBXBuildFile; fileRef = 90D086581AB2ED71009CBEC7 /* Main.storyboard */; };
		90D0865C1AB2ED71009CBEC7 /* Images.xcassets in Resources */ = {isa = PBXBuildFile; fileRef = 90D0865B1AB2ED71009CBEC7 /* Images.xcassets */; };
		90D0865F1AB2ED71009CBEC7 /* LaunchScreen.xib in Resources */ = {isa = PBXBuildFile; fileRef = 90D0865D1AB2ED71009CBEC7 /* LaunchScreen.xib */; };
		90D0866B1AB2ED71009CBEC7 /* XJTopWindow_DemoTests.m in Sources */ = {isa = PBXBuildFile; fileRef = 90D0866A1AB2ED71009CBEC7 /* XJTopWindow_DemoTests.m */; };
/* End PBXBuildFile section */

/* Begin PBXContainerItemProxy section */
		90D086651AB2ED71009CBEC7 /* PBXContainerItemProxy */ = {
			isa = PBXContainerItemProxy;
			containerPortal = 90D086431AB2ED71009CBEC7 /* Project object */;
			proxyType = 1;
			remoteGlobalIDString = 90D0864A1AB2ED71009CBEC7;
			remoteInfo = XJTopWindow_Demo;
		};
/* End PBXContainerItemProxy section */

/* Begin PBXFileReference section */
		90D0864B1AB2ED71009CBEC7 /* XJTopWindow_Demo.app */ = {isa = PBXFileReference; explicitFileType = wrapper.application; includeInIndex = 0; path = XJTopWindow_Demo.app; sourceTree = BUILT_PRODUCTS_DIR; };
		90D0864F1AB2ED71009CBEC7 /* Info.plist */ = {isa = PBXFileReference; lastKnownFileType = text.plist.xml; path = Info.plist; sourceTree = "<group>"; };
		90D086501AB2ED71009CBEC7 /* main.m */ = {isa = PBXFileReference; lastKnownFileType = sourcecode.c.objc; path = main.m; sourceTree = "<group>"; };
		90D086521AB2ED71009CBEC7 /* AppDelegate.h */ = {isa = PBXFileReference; lastKnownFileType = sourcecode.c.h; path = AppDelegate.h; sourceTree = "<group>"; };
		90D086531AB2ED71009CBEC7 /* AppDelegate.m */ = {isa = PBXFileReference; lastKnownFileType = sourcecode.c.objc; path = AppDelegate.m; sourceTree = "<group>"; };
		90D086551AB2ED71009CBEC7 /* ViewController.h */ = {isa = PBXFileReference; lastKnownFileType = sourcecode.c.h; path = ViewController.h; sourceTree = "<group>"; };
		90D086561AB2ED71009CBEC7 /* ViewController.m */ = {isa = PBXFileReference; lastKnownFileType = sourcecode.c.objc; path = ViewController.m; sourceTree = "<group>"; };
		90D086591AB2ED71009CBEC7 /* Base */ = {isa = PBXFileReference; lastKnownFileType = file.storyboard; name = Base; path = Base.lproj/Main.storyboard; sourceTree = "<group>"; };
		90D0865B1AB2ED71009CBEC7 /* Images.xcassets */ = {isa = PBXFileReference; lastKnownFileType = folder.assetcatalog; path = Images.xcassets; sourceTree = "<group>"; };
		90D0865E1AB2ED71009CBEC7 /* Base */ = {isa = PBXFileReference; lastKnownFileType = file.xib; name = Base; path = Base.lproj/LaunchScreen.xib; sourceTree = "<group>"; };
		90D086641AB2ED71009CBEC7 /* XJTopWindow_DemoTests.xctest */ = {isa = PBXFileReference; explicitFileType = wrapper.cfbundle; includeInIndex = 0; path = XJTopWindow_DemoTests.xctest; sourceTree = BUILT_PRODUCTS_DIR; };
		90D086691AB2ED71009CBEC7 /* Info.plist */ = {isa = PBXFileReference; lastKnownFileType = text.plist.xml; path = Info.plist; sourceTree = "<group>"; };
		90D0866A1AB2ED71009CBEC7 /* XJTopWindow_DemoTests.m */ = {isa = PBXFileReference; lastKnownFileType = sourcecode.c.objc; path = XJTopWindow_DemoTests.m; sourceTree = "<group>"; };
/* End PBXFileReference section */

/* Begin PBXFrameworksBuildPhase section */
		90D086481AB2ED71009CBEC7 /* Frameworks */ = {
			isa = PBXFrameworksBuildPhase;
			buildActionMask = 2147483647;
			files = (
			);
			runOnlyForDeploymentPostprocessing = 0;
		};
		90D086611AB2ED71009CBEC7 /* Frameworks */ = {
			isa = PBXFrameworksBuildPhase;
			buildActionMask = 2147483647;
			files = (
			);
			runOnlyForDeploymentPostprocessing = 0;
		};
/* End PBXFrameworksBuildPhase section */

/* Begin PBXGroup section */
		90D086421AB2ED71009CBEC7 = {
			isa = PBXGroup;
			children = (
				90D0864D1AB2ED71009CBEC7 /* XJTopWindow_Demo */,
				90D086671AB2ED71009CBEC7 /* XJTopWindow_DemoTests */,
				90D0864C1AB2ED71009CBEC7 /* Products */,
			);
			sourceTree = "<group>";
		};
		90D0864C1AB2ED71009CBEC7 /* Products */ = {
			isa = PBXGroup;
			children = (
				90D0864B1AB2ED71009CBEC7 /* XJTopWindow_Demo.app */,
				90D086641AB2ED71009CBEC7 /* XJTopWindow_DemoTests.xctest */,
			);
			name = Products;
			sourceTree = "<group>";
		};
		90D0864D1AB2ED71009CBEC7 /* XJTopWindow_Demo */ = {
			isa = PBXGroup;
			children = (
				90D086521AB2ED71009CBEC7 /* AppDelegate.h */,
				90D086531AB2ED71009CBEC7 /* AppDelegate.m */,
				90D086551AB2ED71009CBEC7 /* ViewController.h */,
				90D086561AB2ED71009CBEC7 /* ViewController.m */,
				90D086581AB2ED71009CBEC7 /* Main.storyboard */,
				90D0865B1AB2ED71009CBEC7 /* Images.xcassets */,
				90D0865D1AB2ED71009CBEC7 /* LaunchScreen.xib */,
				90D0864E1AB2ED71009CBEC7 /* Supporting Files */,
			);
			path = XJTopWindow_Demo;
			sourceTree = "<group>";
		};
		90D0864E1AB2ED71009CBEC7 /* Supporting Files */ = {
			isa = PBXGroup;
			children = (
				90D0864F1AB2ED71009CBEC7 /* Info.plist */,
				90D086501AB2ED71009CBEC7 /* main.m */,
			);
			name = "Supporting Files";
			sourceTree = "<group>";
		};
		90D086671AB2ED71009CBEC7 /* XJTopWindow_DemoTests */ = {
			isa = PBXGroup;
			children = (
				90D0866A1AB2ED71009CBEC7 /* XJTopWindow_DemoTests.m */,
				90D086681AB2ED71009CBEC7 /* Supporting Files */,
			);
			path = XJTopWindow_DemoTests;
			sourceTree = "<group>";
		};
		90D086681AB2ED71009CBEC7 /* Supporting Files */ = {
			isa = PBXGroup;
			children = (
				90D086691AB2ED71009CBEC7 /* Info.plist */,
			);
			name = "Supporting Files";
			sourceTree = "<group>";
		};
/* End PBXGroup section */

/* Begin PBXNativeTarget section */
		90D0864A1AB2ED71009CBEC7 /* XJTopWindow_Demo */ = {
			isa = PBXNativeTarget;
			buildConfigurationList = 90D0866E1AB2ED71009CBEC7 /* Build configuration list for PBXNativeTarget "XJTopWindow_Demo" */;
			buildPhases = (
				90D086471AB2ED71009CBEC7 /* Sources */,
				90D086481AB2ED71009CBEC7 /* Frameworks */,
				90D086491AB2ED71009CBEC7 /* Resources */,
			);
			buildRules = (
			);
			dependencies = (
			);
			name = XJTopWindow_Demo;
			productName = XJTopWindow_Demo;
			productReference = 90D0864B1AB2ED71009CBEC7 /* XJTopWindow_Demo.app */;
			productType = "com.apple.product-type.application";
		};
		90D086631AB2ED71009CBEC7 /* XJTopWindow_DemoTests */ = {
			isa = PBXNativeTarget;
			buildConfigurationList = 90D086711AB2ED71009CBEC7 /* Build configuration list for PBXNativeTarget "XJTopWindow_DemoTests" */;
			buildPhases = (
				90D086601AB2ED71009CBEC7 /* Sources */,
				90D086611AB2ED71009CBEC7 /* Frameworks */,
				90D086621AB2ED71009CBEC7 /* Resources */,
			);
			buildRules = (
			);
			dependencies = (
				90D086661AB2ED71009CBEC7 /* PBXTargetDependency */,
			);
			name = XJTopWindow_DemoTests;
			productName = XJTopWindow_DemoTests;
			productReference = 90D086641AB2ED71009CBEC7 /* XJTopWindow_DemoTests.xctest */;
			productType = "com.apple.product-type.bundle.unit-test";
		};
/* End PBXNativeTarget section */

/* Begin PBXProject section */
		90D086431AB2ED71009CBEC7 /* Project object */ = {
			isa = PBXProject;
			attributes = {
				LastUpgradeCheck = 0610;
				ORGANIZATIONNAME = XJIMI;
				TargetAttributes = {
					90D0864A1AB2ED71009CBEC7 = {
						CreatedOnToolsVersion = 6.1.1;
					};
					90D086631AB2ED71009CBEC7 = {
						CreatedOnToolsVersion = 6.1.1;
						TestTargetID = 90D0864A1AB2ED71009CBEC7;
					};
				};
			};
			buildConfigurationList = 90D086461AB2ED71009CBEC7 /* Build configuration list for PBXProject "XJTopWindow_Demo" */;
			compatibilityVersion = "Xcode 3.2";
			developmentRegion = English;
			hasScannedForEncodings = 0;
			knownRegions = (
				en,
				Base,
			);
			mainGroup = 90D086421AB2ED71009CBEC7;
			productRefGroup = 90D0864C1AB2ED71009CBEC7 /* Products */;
			projectDirPath = "";
			projectRoot = "";
			targets = (
				90D0864A1AB2ED71009CBEC7 /* XJTopWindow_Demo */,
				90D086631AB2ED71009CBEC7 /* XJTopWindow_DemoTests */,
			);
		};
/* End PBXProject section */

/* Begin PBXResourcesBuildPhase section */
		90D086491AB2ED71009CBEC7 /* Resources */ = {
			isa = PBXResourcesBuildPhase;
			buildActionMask = 2147483647;
			files = (
				90D0865A1AB2ED71009CBEC7 /* Main.storyboard in Resources */,
				90D0865F1AB2ED71009CBEC7 /* LaunchScreen.xib in Resources */,
				90D0865C1AB2ED71009CBEC7 /* Images.xcassets in Resources */,
			);
			runOnlyForDeploymentPostprocessing = 0;
		};
		90D086621AB2ED71009CBEC7 /* Resources */ = {
			isa = PBXResourcesBuildPhase;
			buildActionMask = 2147483647;
			files = (
			);
			runOnlyForDeploymentPostprocessing = 0;
		};
/* End PBXResourcesBuildPhase section */

/* Begin PBXSourcesBuildPhase section */
		90D086471AB2ED71009CBEC7 /* Sources */ = {
			isa = PBXSourcesBuildPhase;
			buildActionMask = 2147483647;
			files = (
				90D086571AB2ED71009CBEC7 /* ViewController.m in Sources */,
				90D086541AB2ED71009CBEC7 /* AppDelegate.m in Sources */,
				90D086511AB2ED71009CBEC7 /* main.m in Sources */,
			);
			runOnlyForDeploymentPostprocessing = 0;
		};
		90D086601AB2ED71009CBEC7 /* Sources */ = {
			isa = PBXSourcesBuildPhase;
			buildActionMask = 2147483647;
			files = (
				90D0866B1AB2ED71009CBEC7 /* XJTopWindow_DemoTests.m in Sources */,
			);
			runOnlyForDeploymentPostprocessing = 0;
		};
/* End PBXSourcesBuildPhase section */

/* Begin PBXTargetDependency section */
		90D086661AB2ED71009CBEC7 /* PBXTargetDependency */ = {
			isa = PBXTargetDependency;
			target = 90D0864A1AB2ED71009CBEC7 /* XJTopWindow_Demo */;
			targetProxy = 90D086651AB2ED71009CBEC7 /* PBXContainerItemProxy */;
		};
/* End PBXTargetDependency section */

/* Begin PBXVariantGroup section */
		90D086581AB2ED71009CBEC7 /* Main.storyboard */ = {
			isa = PBXVariantGroup;
			children = (
				90D086591AB2ED71009CBEC7 /* Base */,
			);
			name = Main.storyboard;
			sourceTree = "<group>";
		};
		90D0865D1AB2ED71009CBEC7 /* LaunchScreen.xib */ = {
			isa = PBXVariantGroup;
			children = (
				90D0865E1AB2ED71009CBEC7 /* Base */,
			);
			name = LaunchScreen.xib;
			sourceTree = "<group>";
		};
/* End PBXVariantGroup section */

/* Begin XCBuildConfiguration section */
		90D0866C1AB2ED71009CBEC7 /* Debug */ = {
			isa = XCBuildConfiguration;
			buildSettings = {
				ALWAYS_SEARCH_USER_PATHS = NO;
				CLANG_CXX_LANGUAGE_STANDARD = "gnu++0x";
				CLANG_CXX_LIBRARY = "libc++";
				CLANG_ENABLE_MODULES = YES;
				CLANG_ENABLE_OBJC_ARC = YES;
				CLANG_WARN_BOOL_CONVERSION = YES;
				CLANG_WARN_CONSTANT_CONVERSION = YES;
				CLANG_WARN_DIRECT_OBJC_ISA_USAGE = YES_ERROR;
				CLANG_WARN_EMPTY_BODY = YES;
				CLANG_WARN_ENUM_CONVERSION = YES;
				CLANG_WARN_INT_CONVERSION = YES;
				CLANG_WARN_OBJC_ROOT_CLASS = YES_ERROR;
				CLANG_WARN_UNREACHABLE_CODE = YES;
				CLANG_WARN__DUPLICATE_METHOD_MATCH = YES;
				"CODE_SIGN_IDENTITY[sdk=iphoneos*]" = "iPhone Developer";
				COPY_PHASE_STRIP = NO;
				ENABLE_STRICT_OBJC_MSGSEND = YES;
				GCC_C_LANGUAGE_STANDARD = gnu99;
				GCC_DYNAMIC_NO_PIC = NO;
				GCC_OPTIMIZATION_LEVEL = 0;
				GCC_PREPROCESSOR_DEFINITIONS = (
					"DEBUG=1",
					"$(inherited)",
				);
				GCC_SYMBOLS_PRIVATE_EXTERN = NO;
				GCC_WARN_64_TO_32_BIT_CONVERSION = YES;
				GCC_WARN_ABOUT_RETURN_TYPE = YES_ERROR;
				GCC_WARN_UNDECLARED_SELECTOR = YES;
				GCC_WARN_UNINITIALIZED_AUTOS = YES_AGGRESSIVE;
				GCC_WARN_UNUSED_FUNCTION = YES;
				GCC_WARN_UNUSED_VARIABLE = YES;
				IPHONEOS_DEPLOYMENT_TARGET = 8.1;
				MTL_ENABLE_DEBUG_INFO = YES;
				ONLY_ACTIVE_ARCH = YES;
				SDKROOT = iphoneos;
			};
			name = Debug;
		};
		90D0866D1AB2ED71009CBEC7 /* Release */ = {
			isa = XCBuildConfiguration;
			buildSettings = {
				ALWAYS_SEARCH_USER_PATHS = NO;
				CLANG_CXX_LANGUAGE_STANDARD = "gnu++0x";
				CLANG_CXX_LIBRARY = "libc++";
				CLANG_ENABLE_MODULES = YES;
				CLANG_ENABLE_OBJC_ARC = YES;
				CLANG_WARN_BOOL_CONVERSION = YES;
				CLANG_WARN_CONSTANT_CONVERSION = YES;
				CLANG_WARN_DIRECT_OBJC_ISA_USAGE = YES_ERROR;
				CLANG_WARN_EMPTY_BODY = YES;
				CLANG_WARN_ENUM_CONVERSION = YES;
				CLANG_WARN_INT_CONVERSION = YES;
				CLANG_WARN_OBJC_ROOT_CLASS = YES_ERROR;
				CLANG_WARN_UNREACHABLE_CODE = YES;
				CLANG_WARN__DUPLICATE_METHOD_MATCH = YES;
				"CODE_SIGN_IDENTITY[sdk=iphoneos*]" = "iPhone Developer";
				COPY_PHASE_STRIP = YES;
				ENABLE_NS_ASSERTIONS = NO;
				ENABLE_STRICT_OBJC_MSGSEND = YES;
				GCC_C_LANGUAGE_STANDARD = gnu99;
				GCC_WARN_64_TO_32_BIT_CONVERSION = YES;
				GCC_WARN_ABOUT_RETURN_TYPE = YES_ERROR;
				GCC_WARN_UNDECLARED_SELECTOR = YES;
				GCC_WARN_UNINITIALIZED_AUTOS = YES_AGGRESSIVE;
				GCC_WARN_UNUSED_FUNCTION = YES;
				GCC_WARN_UNUSED_VARIABLE = YES;
				IPHONEOS_DEPLOYMENT_TARGET = 8.1;
				MTL_ENABLE_DEBUG_INFO = NO;
				SDKROOT = iphoneos;
				VALIDATE_PRODUCT = YES;
			};
			name = Release;
		};
		90D0866F1AB2ED71009CBEC7 /* Debug */ = {
			isa = XCBuildConfiguration;
			buildSettings = {
				ASSETCATALOG_COMPILER_APPICON_NAME = AppIcon;
				INFOPLIST_FILE = XJTopWindow_Demo/Info.plist;
				LD_RUNPATH_SEARCH_PATHS = "$(inherited) @executable_path/Frameworks";
				PRODUCT_NAME = "$(TARGET_NAME)";
			};
			name = Debug;
		};
		90D086701AB2ED71009CBEC7 /* Release */ = {
			isa = XCBuildConfiguration;
			buildSettings = {
				ASSETCATALOG_COMPILER_APPICON_NAME = AppIcon;
				INFOPLIST_FILE = XJTopWindow_Demo/Info.plist;
				LD_RUNPATH_SEARCH_PATHS = "$(inherited) @executable_path/Frameworks";
				PRODUCT_NAME = "$(TARGET_NAME)";
			};
			name = Release;
		};
		90D086721AB2ED71009CBEC7 /* Debug */ = {
			isa = XCBuildConfiguration;
			buildSettings = {
				BUNDLE_LOADER = "$(TEST_HOST)";
				FRAMEWORK_SEARCH_PATHS = (
					"$(SDKROOT)/Developer/Library/Frameworks",
					"$(inherited)",
				);
				GCC_PREPROCESSOR_DEFINITIONS = (
					"DEBUG=1",
					"$(inherited)",
				);
				INFOPLIST_FILE = XJTopWindow_DemoTests/Info.plist;
				LD_RUNPATH_SEARCH_PATHS = "$(inherited) @executable_path/Frameworks @loader_path/Frameworks";
				PRODUCT_NAME = "$(TARGET_NAME)";
				TEST_HOST = "$(BUILT_PRODUCTS_DIR)/XJTopWindow_Demo.app/XJTopWindow_Demo";
			};
			name = Debug;
		};
		90D086731AB2ED71009CBEC7 /* Release */ = {
			isa = XCBuildConfiguration;
			buildSettings = {
				BUNDLE_LOADER = "$(TEST_HOST)";
				FRAMEWORK_SEARCH_PATHS = (
					"$(SDKROOT)/Developer/Library/Frameworks",
					"$(inherited)",
				);
				INFOPLIST_FILE = XJTopWindow_DemoTests/Info.plist;
				LD_RUNPATH_SEARCH_PATHS = "$(inherited) @executable_path/Frameworks @loader_path/Frameworks";
				PRODUCT_NAME = "$(TARGET_NAME)";
				TEST_HOST = "$(BUILT_PRODUCTS_DIR)/XJTopWindow_Demo.app/XJTopWindow_Demo";
			};
			name = Release;
		};
/* End XCBuildConfiguration section */

/* Begin XCConfigurationList section */
		90D086461AB2ED71009CBEC7 /* Build configuration list for PBXProject "XJTopWindow_Demo" */ = {
			isa = XCConfigurationList;
			buildConfigurations = (
				90D0866C1AB2ED71009CBEC7 /* Debug */,
				90D0866D1AB2ED71009CBEC7 /* Release */,
			);
			defaultConfigurationIsVisible = 0;
			defaultConfigurationName = Release;
		};
		90D0866E1AB2ED71009CBEC7 /* Build configuration list for PBXNativeTarget "XJTopWindow_Demo" */ = {
			isa = XCConfigurationList;
			buildConfigurations = (
				90D0866F1AB2ED71009CBEC7 /* Debug */,
				90D086701AB2ED71009CBEC7 /* Release */,
			);
			defaultConfigurationIsVisible = 0;
		};
		90D086711AB2ED71009CBEC7 /* Build configuration list for PBXNativeTarget "XJTopWindow_DemoTests" */ = {
			isa = XCConfigurationList;
			buildConfigurations = (
				90D086721AB2ED71009CBEC7 /* Debug */,
				90D086731AB2ED71009CBEC7 /* Release */,
			);
			defaultConfigurationIsVisible = 0;
		};
/* End XCConfigurationList section */
	};
	rootObject = 90D086431AB2ED71009CBEC7 /* Project object */;
}
